
Microsoft Visual Studio Solution File, Format Version 12.00
# Visual Studio Version 17
VisualStudioVersion = 17.7.34221.43
MinimumVisualStudioVersion = 10.0.40219.1
Project("{FAE04EC0-301F-11D3-BF4B-00C04F79EFBC}") = "CleanArchitecture.UI", "CleanArchitecture.UI\CleanArchitecture.UI.csproj", "{EE4C48AB-636B-4721-ADDE-ADCD4228F586}"
EndProject
Project("{FAE04EC0-301F-11D3-BF4B-00C04F79EFBC}") = "CleanArchitecture.Core", "CleanArchitecture.Core\CleanArchitecture.Core.csproj", "{CA911E23-629A-49C1-81CA-BD83478548B7}"
EndProject
Project("{FAE04EC0-301F-11D3-BF4B-00C04F79EFBC}") = "CleanArchitecture.Infrastructure", "CleanArchitecture.Infrastructure\CleanArchitecture.Infrastructure.csproj", "{2E77EBDD-D27D-4A0B-89FD-98130175F965}"
EndProject
Global
	GlobalSection(SolutionConfigurationPlatforms) = preSolution
		Debug|Any CPU = Debug|Any CPU
		Release|Any CPU = Release|Any CPU
	EndGlobalSection
	GlobalSection(ProjectConfigurationPlatforms) = postSolution
		{EE4C48AB-636B-4721-ADDE-ADCD4228F586}.Debug|Any CPU.ActiveCfg = Debug|Any CPU
		{EE4C48AB-636B-4721-ADDE-ADCD4228F586}.Debug|Any CPU.Build.0 = Debug|Any CPU
		{EE4C48AB-636B-4721-ADDE-ADCD4228F586}.Release|Any CPU.ActiveCfg = Release|Any CPU
		{EE4C48AB-636B-4721-ADDE-ADCD4228F586}.Release|Any CPU.Build.0 = Release|Any CPU
		{CA911E23-629A-49C1-81CA-BD83478548B7}.Debug|Any CPU.ActiveCfg = Debug|Any CPU
		{CA911E23-629A-49C1-81CA-BD83478548B7}.Debug|Any CPU.Build.0 = Debug|Any CPU
		{CA911E23-629A-49C1-81CA-BD83478548B7}.Release|Any CPU.ActiveCfg = Release|Any CPU
		{CA911E23-629A-49C1-81CA-BD83478548B7}.Release|Any CPU.Build.0 = Release|Any CPU
		{2E77EBDD-D27D-4A0B-89FD-98130175F965}.Debug|Any CPU.ActiveCfg = Debug|Any CPU
		{2E77EBDD-D27D-4A0B-89FD-98130175F965}.Debug|Any CPU.Build.0 = Debug|Any CPU
		{2E77EBDD-D27D-4A0B-89FD-98130175F965}.Release|Any CPU.ActiveCfg = Release|Any CPU
		{2E77EBDD-D27D-4A0B-89FD-98130175F965}.Release|Any CPU.Build.0 = Release|Any CPU
	EndGlobalSection
	GlobalSection(SolutionProperties) = preSolution
		HideSolutionNode = FALSE
	EndGlobalSection
	GlobalSection(ExtensibilityGlobals) = postSolution
		SolutionGuid = {AD9CCD5F-79D6-4F79-8E4F-CBA566D5818D}
	EndGlobalSection
EndGlobal
